// !$*UTF8*$!
{
	archiveVersion = 1;
	classes = {
	};
	objectVersion = 46;
	objects = {

/* Begin PBXBuildFile section */
		CC60048619EE1C8C0095CC06 /* main.m in Sources */ = {isa = PBXBuildFile; fileRef = CC60048519EE1C8C0095CC06 /* main.m */; };
		CC60048919EE1C8C0095CC06 /* AppDelegate.m in Sources */ = {isa = PBXBuildFile; fileRef = CC60048819EE1C8C0095CC06 /* AppDelegate.m */; };
		CC60048C19EE1C8C0095CC06 /* GetOnThatBus.xcdatamodeld in Sources */ = {isa = PBXBuildFile; fileRef = CC60048A19EE1C8C0095CC06 /* GetOnThatBus.xcdatamodeld */; };
		CC60048F19EE1C8C0095CC06 /* ViewController.m in Sources */ = {isa = PBXBuildFile; fileRef = CC60048E19EE1C8C0095CC06 /* ViewController.m */; };
		CC60049219EE1C8C0095CC06 /* Main.storyboard in Resources */ = {isa = PBXBuildFile; fileRef = CC60049019EE1C8C0095CC06 /* Main.storyboard */; };
		CC60049419EE1C8C0095CC06 /* Images.xcassets in Resources */ = {isa = PBXBuildFile; fileRef = CC60049319EE1C8C0095CC06 /* Images.xcassets */; };
		CC60049719EE1C8C0095CC06 /* LaunchScreen.xib in Resources */ = {isa = PBXBuildFile; fileRef = CC60049519EE1C8C0095CC06 /* LaunchScreen.xib */; };
		CC6004A319EE1C8C0095CC06 /* GetOnThatBusTests.m in Sources */ = {isa = PBXBuildFile; fileRef = CC6004A219EE1C8C0095CC06 /* GetOnThatBusTests.m */; };
/* End PBXBuildFile section */

/* Begin PBXContainerItemProxy section */
		CC60049D19EE1C8C0095CC06 /* PBXContainerItemProxy */ = {
			isa = PBXContainerItemProxy;
			containerPortal = CC60047819EE1C8C0095CC06 /* Project object */;
			proxyType = 1;
			remoteGlobalIDString = CC60047F19EE1C8C0095CC06;
			remoteInfo = GetOnThatBus;
		};
/* End PBXContainerItemProxy section */

/* Begin PBXFileReference section */
		CC60048019EE1C8C0095CC06 /* GetOnThatBus.app */ = {isa = PBXFileReference; explicitFileType = wrapper.application; includeInIndex = 0; path = GetOnThatBus.app; sourceTree = BUILT_PRODUCTS_DIR; };
		CC60048419EE1C8C0095CC06 /* Info.plist */ = {isa = PBXFileReference; lastKnownFileType = text.plist.xml; path = Info.plist; sourceTree = "<group>"; };
		CC60048519EE1C8C0095CC06 /* main.m */ = {isa = PBXFileReference; lastKnownFileType = sourcecode.c.objc; path = main.m; sourceTree = "<group>"; };
		CC60048719EE1C8C0095CC06 /* AppDelegate.h */ = {isa = PBXFileReference; lastKnownFileType = sourcecode.c.h; path = AppDelegate.h; sourceTree = "<group>"; };
		CC60048819EE1C8C0095CC06 /* AppDelegate.m */ = {isa = PBXFileReference; lastKnownFileType = sourcecode.c.objc; path = AppDelegate.m; sourceTree = "<group>"; };
		CC60048B19EE1C8C0095CC06 /* GetOnThatBus.xcdatamodel */ = {isa = PBXFileReference; lastKnownFileType = wrapper.xcdatamodel; path = GetOnThatBus.xcdatamodel; sourceTree = "<group>"; };
		CC60048D19EE1C8C0095CC06 /* ViewController.h */ = {isa = PBXFileReference; lastKnownFileType = sourcecode.c.h; path = ViewController.h; sourceTree = "<group>"; };
		CC60048E19EE1C8C0095CC06 /* ViewController.m */ = {isa = PBXFileReference; lastKnownFileType = sourcecode.c.objc; path = ViewController.m; sourceTree = "<group>"; };
		CC60049119EE1C8C0095CC06 /* Base */ = {isa = PBXFileReference; lastKnownFileType = file.storyboard; name = Base; path = Base.lproj/Main.storyboard; sourceTree = "<group>"; };
		CC60049319EE1C8C0095CC06 /* Images.xcassets */ = {isa = PBXFileReference; lastKnownFileType = folder.assetcatalog; path = Images.xcassets; sourceTree = "<group>"; };
		CC60049619EE1C8C0095CC06 /* Base */ = {isa = PBXFileReference; lastKnownFileType = file.xib; name = Base; path = Base.lproj/LaunchScreen.xib; sourceTree = "<group>"; };
		CC60049C19EE1C8C0095CC06 /* GetOnThatBusTests.xctest */ = {isa = PBXFileReference; explicitFileType = wrapper.cfbundle; includeInIndex = 0; path = GetOnThatBusTests.xctest; sourceTree = BUILT_PRODUCTS_DIR; };
		CC6004A119EE1C8C0095CC06 /* Info.plist */ = {isa = PBXFileReference; lastKnownFileType = text.plist.xml; path = Info.plist; sourceTree = "<group>"; };
		CC6004A219EE1C8C0095CC06 /* GetOnThatBusTests.m */ = {isa = PBXFileReference; lastKnownFileType = sourcecode.c.objc; path = GetOnThatBusTests.m; sourceTree = "<group>"; };
/* End PBXFileReference section */

/* Begin PBXFrameworksBuildPhase section */
		CC60047D19EE1C8C0095CC06 /* Frameworks */ = {
			isa = PBXFrameworksBuildPhase;
			buildActionMask = 2147483647;
			files = (
			);
			runOnlyForDeploymentPostprocessing = 0;
		};
		CC60049919EE1C8C0095CC06 /* Frameworks */ = {
			isa = PBXFrameworksBuildPhase;
			buildActionMask = 2147483647;
			files = (
			);
			runOnlyForDeploymentPostprocessing = 0;
		};
/* End PBXFrameworksBuildPhase section */

/* Begin PBXGroup section */
		CC60047719EE1C8C0095CC06 = {
			isa = PBXGroup;
			children = (
				CC60048219EE1C8C0095CC06 /* GetOnThatBus */,
				CC60049F19EE1C8C0095CC06 /* GetOnThatBusTests */,
				CC60048119EE1C8C0095CC06 /* Products */,
			);
			sourceTree = "<group>";
		};
		CC60048119EE1C8C0095CC06 /* Products */ = {
			isa = PBXGroup;
			children = (
				CC60048019EE1C8C0095CC06 /* GetOnThatBus.app */,
				CC60049C19EE1C8C0095CC06 /* GetOnThatBusTests.xctest */,
			);
			name = Products;
			sourceTree = "<group>";
		};
		CC60048219EE1C8C0095CC06 /* GetOnThatBus */ = {
			isa = PBXGroup;
			children = (
				CC60048719EE1C8C0095CC06 /* AppDelegate.h */,
				CC60048819EE1C8C0095CC06 /* AppDelegate.m */,
				CC60048D19EE1C8C0095CC06 /* ViewController.h */,
				CC60048E19EE1C8C0095CC06 /* ViewController.m */,
				CC60049019EE1C8C0095CC06 /* Main.storyboard */,
				CC60049319EE1C8C0095CC06 /* Images.xcassets */,
				CC60049519EE1C8C0095CC06 /* LaunchScreen.xib */,
				CC60048A19EE1C8C0095CC06 /* GetOnThatBus.xcdatamodeld */,
				CC60048319EE1C8C0095CC06 /* Supporting Files */,
			);
			path = GetOnThatBus;
			sourceTree = "<group>";
		};
		CC60048319EE1C8C0095CC06 /* Supporting Files */ = {
			isa = PBXGroup;
			children = (
				CC60048419EE1C8C0095CC06 /* Info.plist */,
				CC60048519EE1C8C0095CC06 /* main.m */,
			);
			name = "Supporting Files";
			sourceTree = "<group>";
		};
		CC60049F19EE1C8C0095CC06 /* GetOnThatBusTests */ = {
			isa = PBXGroup;
			children = (
				CC6004A219EE1C8C0095CC06 /* GetOnThatBusTests.m */,
				CC6004A019EE1C8C0095CC06 /* Supporting Files */,
			);
			path = GetOnThatBusTests;
			sourceTree = "<group>";
		};
		CC6004A019EE1C8C0095CC06 /* Supporting Files */ = {
			isa = PBXGroup;
			children = (
				CC6004A119EE1C8C0095CC06 /* Info.plist */,
			);
			name = "Supporting Files";
			sourceTree = "<group>";
		};
/* End PBXGroup section */

/* Begin PBXNativeTarget section */
		CC60047F19EE1C8C0095CC06 /* GetOnThatBus */ = {
			isa = PBXNativeTarget;
			buildConfigurationList = CC6004A619EE1C8C0095CC06 /* Build configuration list for PBXNativeTarget "GetOnThatBus" */;
			buildPhases = (
				CC60047C19EE1C8C0095CC06 /* Sources */,
				CC60047D19EE1C8C0095CC06 /* Frameworks */,
				CC60047E19EE1C8C0095CC06 /* Resources */,
			);
			buildRules = (
			);
			dependencies = (
			);
			name = GetOnThatBus;
			productName = GetOnThatBus;
			productReference = CC60048019EE1C8C0095CC06 /* GetOnThatBus.app */;
			productType = "com.apple.product-type.application";
		};
		CC60049B19EE1C8C0095CC06 /* GetOnThatBusTests */ = {
			isa = PBXNativeTarget;
			buildConfigurationList = CC6004A919EE1C8C0095CC06 /* Build configuration list for PBXNativeTarget "GetOnThatBusTests" */;
			buildPhases = (
				CC60049819EE1C8C0095CC06 /* Sources */,
				CC60049919EE1C8C0095CC06 /* Frameworks */,
				CC60049A19EE1C8C0095CC06 /* Resources */,
			);
			buildRules = (
			);
			dependencies = (
				CC60049E19EE1C8C0095CC06 /* PBXTargetDependency */,
			);
			name = GetOnThatBusTests;
			productName = GetOnThatBusTests;
			productReference = CC60049C19EE1C8C0095CC06 /* GetOnThatBusTests.xctest */;
			productType = "com.apple.product-type.bundle.unit-test";
		};
/* End PBXNativeTarget section */

/* Begin PBXProject section */
		CC60047819EE1C8C0095CC06 /* Project object */ = {
			isa = PBXProject;
			attributes = {
				LastUpgradeCheck = 0600;
				ORGANIZATIONNAME = "MIKE LAND";
				TargetAttributes = {
					CC60047F19EE1C8C0095CC06 = {
						CreatedOnToolsVersion = 6.0.1;
					};
					CC60049B19EE1C8C0095CC06 = {
						CreatedOnToolsVersion = 6.0.1;
						TestTargetID = CC60047F19EE1C8C0095CC06;
					};
				};
			};
			buildConfigurationList = CC60047B19EE1C8C0095CC06 /* Build configuration list for PBXProject "GetOnThatBus" */;
			compatibilityVersion = "Xcode 3.2";
			developmentRegion = English;
			hasScannedForEncodings = 0;
			knownRegions = (
				en,
				Base,
			);
			mainGroup = CC60047719EE1C8C0095CC06;
			productRefGroup = CC60048119EE1C8C0095CC06 /* Products */;
			projectDirPath = "";
			projectRoot = "";
			targets = (
				CC60047F19EE1C8C0095CC06 /* GetOnThatBus */,
				CC60049B19EE1C8C0095CC06 /* GetOnThatBusTests */,
			);
		};
/* End PBXProject section */

/* Begin PBXResourcesBuildPhase section */
		CC60047E19EE1C8C0095CC06 /* Resources */ = {
			isa = PBXResourcesBuildPhase;
			buildActionMask = 2147483647;
			files = (
				CC60049219EE1C8C0095CC06 /* Main.storyboard in Resources */,
				CC60049719EE1C8C0095CC06 /* LaunchScreen.xib in Resources */,
				CC60049419EE1C8C0095CC06 /* Images.xcassets in Resources */,
			);
			runOnlyForDeploymentPostprocessing = 0;
		};
		CC60049A19EE1C8C0095CC06 /* Resources */ = {
			isa = PBXResourcesBuildPhase;
			buildActionMask = 2147483647;
			files = (
			);
			runOnlyForDeploymentPostprocessing = 0;
		};
/* End PBXResourcesBuildPhase section */

/* Begin PBXSourcesBuildPhase section */
		CC60047C19EE1C8C0095CC06 /* Sources */ = {
			isa = PBXSourcesBuildPhase;
			buildActionMask = 2147483647;
			files = (
				CC60048919EE1C8C0095CC06 /* AppDelegate.m in Sources */,
				CC60048619EE1C8C0095CC06 /* main.m in Sources */,
				CC60048F19EE1C8C0095CC06 /* ViewController.m in Sources */,
				CC60048C19EE1C8C0095CC06 /* GetOnThatBus.xcdatamodeld in Sources */,
			);
			runOnlyForDeploymentPostprocessing = 0;
		};
		CC60049819EE1C8C0095CC06 /* Sources */ = {
			isa = PBXSourcesBuildPhase;
			buildActionMask = 2147483647;
			files = (
				CC6004A319EE1C8C0095CC06 /* GetOnThatBusTests.m in Sources */,
			);
			runOnlyForDeploymentPostprocessing = 0;
		};
/* End PBXSourcesBuildPhase section */

/* Begin PBXTargetDependency section */
		CC60049E19EE1C8C0095CC06 /* PBXTargetDependency */ = {
			isa = PBXTargetDependency;
			target = CC60047F19EE1C8C0095CC06 /* GetOnThatBus */;
			targetProxy = CC60049D19EE1C8C0095CC06 /* PBXContainerItemProxy */;
		};
/* End PBXTargetDependency section */

/* Begin PBXVariantGroup section */
		CC60049019EE1C8C0095CC06 /* Main.storyboard */ = {
			isa = PBXVariantGroup;
			children = (
				CC60049119EE1C8C0095CC06 /* Base */,
			);
			name = Main.storyboard;
			sourceTree = "<group>";
		};
		CC60049519EE1C8C0095CC06 /* LaunchScreen.xib */ = {
			isa = PBXVariantGroup;
			children = (
				CC60049619EE1C8C0095CC06 /* Base */,
			);
			name = LaunchScreen.xib;
			sourceTree = "<group>";
		};
/* End PBXVariantGroup section */

/* Begin XCBuildConfiguration section */
		CC6004A419EE1C8C0095CC06 /* Debug */ = {
			isa = XCBuildConfiguration;
			buildSettings = {
				ALWAYS_SEARCH_USER_PATHS = NO;
				CLANG_CXX_LANGUAGE_STANDARD = "gnu++0x";
				CLANG_CXX_LIBRARY = "libc++";
				CLANG_ENABLE_MODULES = YES;
				CLANG_ENABLE_OBJC_ARC = YES;
				CLANG_WARN_BOOL_CONVERSION = YES;
				CLANG_WARN_CONSTANT_CONVERSION = YES;
				CLANG_WARN_DIRECT_OBJC_ISA_USAGE = YES_ERROR;
				CLANG_WARN_EMPTY_BODY = YES;
				CLANG_WARN_ENUM_CONVERSION = YES;
				CLANG_WARN_INT_CONVERSION = YES;
				CLANG_WARN_OBJC_ROOT_CLASS = YES_ERROR;
				CLANG_WARN_UNREACHABLE_CODE = YES;
				CLANG_WARN__DUPLICATE_METHOD_MATCH = YES;
				"CODE_SIGN_IDENTITY[sdk=iphoneos*]" = "iPhone Developer";
				COPY_PHASE_STRIP = NO;
				ENABLE_STRICT_OBJC_MSGSEND = YES;
				GCC_C_LANGUAGE_STANDARD = gnu99;
				GCC_DYNAMIC_NO_PIC = NO;
				GCC_OPTIMIZATION_LEVEL = 0;
				GCC_PREPROCESSOR_DEFINITIONS = (
					"DEBUG=1",
					"$(inherited)",
				);
				GCC_SYMBOLS_PRIVATE_EXTERN = NO;
				GCC_WARN_64_TO_32_BIT_CONVERSION = YES;
				GCC_WARN_ABOUT_RETURN_TYPE = YES_ERROR;
				GCC_WARN_UNDECLARED_SELECTOR = YES;
				GCC_WARN_UNINITIALIZED_AUTOS = YES_AGGRESSIVE;
				GCC_WARN_UNUSED_FUNCTION = YES;
				GCC_WARN_UNUSED_VARIABLE = YES;
				IPHONEOS_DEPLOYMENT_TARGET = 8.0;
				MTL_ENABLE_DEBUG_INFO = YES;
				ONLY_ACTIVE_ARCH = YES;
				SDKROOT = iphoneos;
			};
			name = Debug;
		};
		CC6004A519EE1C8C0095CC06 /* Release */ = {
			isa = XCBuildConfiguration;
			buildSettings = {
				ALWAYS_SEARCH_USER_PATHS = NO;
				CLANG_CXX_LANGUAGE_STANDARD = "gnu++0x";
				CLANG_CXX_LIBRARY = "libc++";
				CLANG_ENABLE_MODULES = YES;
				CLANG_ENABLE_OBJC_ARC = YES;
				CLANG_WARN_BOOL_CONVERSION = YES;
				CLANG_WARN_CONSTANT_CONVERSION = YES;
				CLANG_WARN_DIRECT_OBJC_ISA_USAGE = YES_ERROR;
				CLANG_WARN_EMPTY_BODY = YES;
				CLANG_WARN_ENUM_CONVERSION = YES;
				CLANG_WARN_INT_CONVERSION = YES;
				CLANG_WARN_OBJC_ROOT_CLASS = YES_ERROR;
				CLANG_WARN_UNREACHABLE_CODE = YES;
				CLANG_WARN__DUPLICATE_METHOD_MATCH = YES;
				"CODE_SIGN_IDENTITY[sdk=iphoneos*]" = "iPhone Developer";
				COPY_PHASE_STRIP = YES;
				ENABLE_NS_ASSERTIONS = NO;
				ENABLE_STRICT_OBJC_MSGSEND = YES;
				GCC_C_LANGUAGE_STANDARD = gnu99;
				GCC_WARN_64_TO_32_BIT_CONVERSION = YES;
				GCC_WARN_ABOUT_RETURN_TYPE = YES_ERROR;
				GCC_WARN_UNDECLARED_SELECTOR = YES;
				GCC_WARN_UNINITIALIZED_AUTOS = YES_AGGRESSIVE;
				GCC_WARN_UNUSED_FUNCTION = YES;
				GCC_WARN_UNUSED_VARIABLE = YES;
				IPHONEOS_DEPLOYMENT_TARGET = 8.0;
				MTL_ENABLE_DEBUG_INFO = NO;
				SDKROOT = iphoneos;
				VALIDATE_PRODUCT = YES;
			};
			name = Release;
		};
		CC6004A719EE1C8C0095CC06 /* Debug */ = {
			isa = XCBuildConfiguration;
			buildSettings = {
				ASSETCATALOG_COMPILER_APPICON_NAME = AppIcon;
				INFOPLIST_FILE = GetOnThatBus/Info.plist;
				LD_RUNPATH_SEARCH_PATHS = "$(inherited) @executable_path/Frameworks";
				PRODUCT_NAME = "$(TARGET_NAME)";
			};
			name = Debug;
		};
		CC6004A819EE1C8C0095CC06 /* Release */ = {
			isa = XCBuildConfiguration;
			buildSettings = {
				ASSETCATALOG_COMPILER_APPICON_NAME = AppIcon;
				INFOPLIST_FILE = GetOnThatBus/Info.plist;
				LD_RUNPATH_SEARCH_PATHS = "$(inherited) @executable_path/Frameworks";
				PRODUCT_NAME = "$(TARGET_NAME)";
			};
			name = Release;
		};
		CC6004AA19EE1C8C0095CC06 /* Debug */ = {
			isa = XCBuildConfiguration;
			buildSettings = {
				BUNDLE_LOADER = "$(TEST_HOST)";
				FRAMEWORK_SEARCH_PATHS = (
					"$(SDKROOT)/Developer/Library/Frameworks",
					"$(inherited)",
				);
				GCC_PREPROCESSOR_DEFINITIONS = (
					"DEBUG=1",
					"$(inherited)",
				);
				INFOPLIST_FILE = GetOnThatBusTests/Info.plist;
				LD_RUNPATH_SEARCH_PATHS = "$(inherited) @executable_path/Frameworks @loader_path/Frameworks";
				PRODUCT_NAME = "$(TARGET_NAME)";
				TEST_HOST = "$(BUILT_PRODUCTS_DIR)/GetOnThatBus.app/GetOnThatBus";
			};
			name = Debug;
		};
		CC6004AB19EE1C8C0095CC06 /* Release */ = {
			isa = XCBuildConfiguration;
			buildSettings = {
				BUNDLE_LOADER = "$(TEST_HOST)";
				FRAMEWORK_SEARCH_PATHS = (
					"$(SDKROOT)/Developer/Library/Frameworks",
					"$(inherited)",
				);
				INFOPLIST_FILE = GetOnThatBusTests/Info.plist;
				LD_RUNPATH_SEARCH_PATHS = "$(inherited) @executable_path/Frameworks @loader_path/Frameworks";
				PRODUCT_NAME = "$(TARGET_NAME)";
				TEST_HOST = "$(BUILT_PRODUCTS_DIR)/GetOnThatBus.app/GetOnThatBus";
			};
			name = Release;
		};
/* End XCBuildConfiguration section */

/* Begin XCConfigurationList section */
		CC60047B19EE1C8C0095CC06 /* Build configuration list for PBXProject "GetOnThatBus" */ = {
			isa = XCConfigurationList;
			buildConfigurations = (
				CC6004A419EE1C8C0095CC06 /* Debug */,
				CC6004A519EE1C8C0095CC06 /* Release */,
			);
			defaultConfigurationIsVisible = 0;
			defaultConfigurationName = Release;
		};
		CC6004A619EE1C8C0095CC06 /* Build configuration list for PBXNativeTarget "GetOnThatBus" */ = {
			isa = XCConfigurationList;
			buildConfigurations = (
				CC6004A719EE1C8C0095CC06 /* Debug */,
				CC6004A819EE1C8C0095CC06 /* Release */,
			);
			defaultConfigurationIsVisible = 0;
		};
		CC6004A919EE1C8C0095CC06 /* Build configuration list for PBXNativeTarget "GetOnThatBusTests" */ = {
			isa = XCConfigurationList;
			buildConfigurations = (
				CC6004AA19EE1C8C0095CC06 /* Debug */,
				CC6004AB19EE1C8C0095CC06 /* Release */,
			);
			defaultConfigurationIsVisible = 0;
		};
/* End XCConfigurationList section */

/* Begin XCVersionGroup section */
		CC60048A19EE1C8C0095CC06 /* GetOnThatBus.xcdatamodeld */ = {
			isa = XCVersionGroup;
			children = (
				CC60048B19EE1C8C0095CC06 /* GetOnThatBus.xcdatamodel */,
			);
			currentVersion = CC60048B19EE1C8C0095CC06 /* GetOnThatBus.xcdatamodel */;
			path = GetOnThatBus.xcdatamodeld;
			sourceTree = "<group>";
			versionGroupType = wrapper.xcdatamodel;
		};
/* End XCVersionGroup section */
	};
	rootObject = CC60047819EE1C8C0095CC06 /* Project object */;
}
